
Microsoft Visual Studio Solution File, Format Version 12.00
# Visual Studio Version 17
VisualStudioVersion = 17.3.32922.545
MinimumVisualStudioVersion = 10.0.40219.1
Project("{9A19103F-16F7-4668-BE54-9A1E7A4F7556}") = "Artificial_intelligence", "Artificial_intelligence\Artificial_intelligence.csproj", "{F2ABCD77-25B8-49C4-A429-3E439901D76C}"
EndProject
Global
	GlobalSection(SolutionConfigurationPlatforms) = preSolution
		Debug|Any CPU = Debug|Any CPU
		Release|Any CPU = Release|Any CPU
	EndGlobalSection
	GlobalSection(ProjectConfigurationPlatforms) = postSolution
		{F2ABCD77-25B8-49C4-A429-3E439901D76C}.Debug|Any CPU.ActiveCfg = Debug|Any CPU
		{F2ABCD77-25B8-49C4-A429-3E439901D76C}.Debug|Any CPU.Build.0 = Debug|Any CPU
		{F2ABCD77-25B8-49C4-A429-3E439901D76C}.Release|Any CPU.ActiveCfg = Release|Any CPU
		{F2ABCD77-25B8-49C4-A429-3E439901D76C}.Release|Any CPU.Build.0 = Release|Any CPU
	EndGlobalSection
	GlobalSection(SolutionProperties) = preSolution
		HideSolutionNode = FALSE
	EndGlobalSection
	GlobalSection(ExtensibilityGlobals) = postSolution
		SolutionGuid = {477BB186-CF12-43C4-81DB-27A4B3EED76C}
	EndGlobalSection
EndGlobal
